
Microsoft Visual Studio Solution File, Format Version 12.00
Project("{FAE04EC0-301F-11D3-BF4B-00C04F79EFBC}") = "Mapas", "Mapas.csproj", "{29534EE7-17B5-4F22-A1D5-5E3B0BDAD46F}"
EndProject
Global
	GlobalSection(SolutionConfigurationPlatforms) = preSolution
		Debug|Any CPU = Debug|Any CPU
		Release|Any CPU = Release|Any CPU
	EndGlobalSection
	GlobalSection(ProjectConfigurationPlatforms) = postSolution
		{29534EE7-17B5-4F22-A1D5-5E3B0BDAD46F}.Debug|Any CPU.ActiveCfg = Debug|Any CPU
		{29534EE7-17B5-4F22-A1D5-5E3B0BDAD46F}.Debug|Any CPU.Build.0 = Debug|Any CPU
		{29534EE7-17B5-4F22-A1D5-5E3B0BDAD46F}.Release|Any CPU.ActiveCfg = Release|Any CPU
		{29534EE7-17B5-4F22-A1D5-5E3B0BDAD46F}.Release|Any CPU.Build.0 = Release|Any CPU
	EndGlobalSection
EndGlobal
